// !$*UTF8*$!
{
	archiveVersion = 1;
	classes = {
	};
	objectVersion = 46;
	objects = {

/* Begin PBXBuildFile section */
		CDFAF5691F2AA78700C45D8E /* arguments.c in Sources */ = {isa = PBXBuildFile; fileRef = CDFAF5651F2AA77B00C45D8E /* arguments.c */; };
		CDFAF56A1F2AA78700C45D8E /* global.c in Sources */ = {isa = PBXBuildFile; fileRef = CDFAF5661F2AA77B00C45D8E /* global.c */; };
		CDFAF56B1F2AA78700C45D8E /* gLogTime.c in Sources */ = {isa = PBXBuildFile; fileRef = CDFAF5671F2AA77B00C45D8E /* gLogTime.c */; };
		CDFAF56C1F2AA78700C45D8E /* maclog.c in Sources */ = {isa = PBXBuildFile; fileRef = CDFAF5681F2AA77B00C45D8E /* maclog.c */; };
/* End PBXBuildFile section */

/* Begin PBXCopyFilesBuildPhase section */
		CD197BB11EFB4FDA00CC69F2 /* CopyFiles */ = {
			isa = PBXCopyFilesBuildPhase;
			buildActionMask = 2147483647;
			dstPath = /usr/share/man/man1/;
			dstSubfolderSpec = 0;
			files = (
			);
			runOnlyForDeploymentPostprocessing = 1;
		};
/* End PBXCopyFilesBuildPhase section */

/* Begin PBXFileReference section */
		5927B5104DBA82F2A06FF32B /* LICENSE.md */ = {isa = PBXFileReference; fileEncoding = 4; lastKnownFileType = net.daringfireball.markdown; path = LICENSE.md; sourceTree = "<group>"; };
		5927B84A191AB4DEC37C25FB /* README.md */ = {isa = PBXFileReference; fileEncoding = 4; lastKnownFileType = net.daringfireball.markdown; path = README.md; sourceTree = "<group>"; };
		5927BA9915C9C46A9F8C75E1 /* .gitignore */ = {isa = PBXFileReference; lastKnownFileType = file.gitignore; path = .gitignore; sourceTree = "<group>"; };
		CDFAF5601F2AA77B00C45D8E /* arguments.h */ = {isa = PBXFileReference; lastKnownFileType = sourcecode.c.h; path = arguments.h; sourceTree = "<group>"; };
		CDFAF5611F2AA77B00C45D8E /* gLogTime.h */ = {isa = PBXFileReference; lastKnownFileType = sourcecode.c.h; path = gLogTime.h; sourceTree = "<group>"; };
		CDFAF5621F2AA77B00C45D8E /* helper.h */ = {isa = PBXFileReference; lastKnownFileType = sourcecode.c.h; path = helper.h; sourceTree = "<group>"; };
		CDFAF5631F2AA77B00C45D8E /* maclog.h */ = {isa = PBXFileReference; lastKnownFileType = sourcecode.c.h; path = maclog.h; sourceTree = "<group>"; };
		CDFAF5651F2AA77B00C45D8E /* arguments.c */ = {isa = PBXFileReference; lastKnownFileType = sourcecode.c.c; path = arguments.c; sourceTree = "<group>"; };
		CDFAF5661F2AA77B00C45D8E /* global.c */ = {isa = PBXFileReference; lastKnownFileType = sourcecode.c.c; path = global.c; sourceTree = "<group>"; };
		CDFAF5671F2AA77B00C45D8E /* gLogTime.c */ = {isa = PBXFileReference; lastKnownFileType = sourcecode.c.c; path = gLogTime.c; sourceTree = "<group>"; };
		CDFAF5681F2AA77B00C45D8E /* maclog.c */ = {isa = PBXFileReference; lastKnownFileType = sourcecode.c.c; path = maclog.c; sourceTree = "<group>"; };
/* End PBXFileReference section */

/* Begin PBXFrameworksBuildPhase section */
		CD197BB01EFB4FDA00CC69F2 /* Frameworks */ = {
			isa = PBXFrameworksBuildPhase;
			buildActionMask = 2147483647;
			files = (
			);
			runOnlyForDeploymentPostprocessing = 0;
		};
/* End PBXFrameworksBuildPhase section */

/* Begin PBXGroup section */
		CD197BAA1EFB4FDA00CC69F2 = {
			isa = PBXGroup;
			children = (
				CDFAF55F1F2AA77B00C45D8E /* include */,
				CDFAF5641F2AA77B00C45D8E /* src */,
				5927BA9915C9C46A9F8C75E1 /* .gitignore */,
				5927B84A191AB4DEC37C25FB /* README.md */,
				5927B5104DBA82F2A06FF32B /* LICENSE.md */,
			);
			sourceTree = "<group>";
		};
		CDFAF55F1F2AA77B00C45D8E /* include */ = {
			isa = PBXGroup;
			children = (
				CDFAF5601F2AA77B00C45D8E /* arguments.h */,
				CDFAF5611F2AA77B00C45D8E /* gLogTime.h */,
				CDFAF5621F2AA77B00C45D8E /* helper.h */,
				CDFAF5631F2AA77B00C45D8E /* maclog.h */,
			);
			path = include;
			sourceTree = "<group>";
		};
		CDFAF5641F2AA77B00C45D8E /* src */ = {
			isa = PBXGroup;
			children = (
				CDFAF5651F2AA77B00C45D8E /* arguments.c */,
				CDFAF5661F2AA77B00C45D8E /* global.c */,
				CDFAF5671F2AA77B00C45D8E /* gLogTime.c */,
				CDFAF5681F2AA77B00C45D8E /* maclog.c */,
			);
			path = src;
			sourceTree = "<group>";
		};
/* End PBXGroup section */

/* Begin PBXNativeTarget section */
		CD197BB21EFB4FDA00CC69F2 /* maclog */ = {
			isa = PBXNativeTarget;
			buildConfigurationList = CD197BBA1EFB4FDA00CC69F2 /* Build configuration list for PBXNativeTarget "maclog" */;
			buildPhases = (
				CD197BAF1EFB4FDA00CC69F2 /* Sources */,
				CD197BB01EFB4FDA00CC69F2 /* Frameworks */,
				CD197BB11EFB4FDA00CC69F2 /* CopyFiles */,
			);
			buildRules = (
			);
			dependencies = (
			);
			name = maclog;
			productName = maclog;
			productType = "com.apple.product-type.tool";
		};
/* End PBXNativeTarget section */

/* Begin PBXProject section */
		CD197BAB1EFB4FDA00CC69F2 /* Project object */ = {
			isa = PBXProject;
			attributes = {
				LastUpgradeCheck = 0830;
				ORGANIZATIONNAME = syscl;
				TargetAttributes = {
					CD197BB21EFB4FDA00CC69F2 = {
						CreatedOnToolsVersion = 8.3.3;
						ProvisioningStyle = Automatic;
					};
				};
			};
			buildConfigurationList = CD197BAE1EFB4FDA00CC69F2 /* Build configuration list for PBXProject "maclog" */;
			compatibilityVersion = "Xcode 3.2";
			developmentRegion = English;
			hasScannedForEncodings = 0;
			knownRegions = (
				en,
			);
			mainGroup = CD197BAA1EFB4FDA00CC69F2;
			projectDirPath = "";
			projectRoot = "";
			targets = (
				CD197BB21EFB4FDA00CC69F2 /* maclog */,
			);
		};
/* End PBXProject section */

/* Begin PBXSourcesBuildPhase section */
		CD197BAF1EFB4FDA00CC69F2 /* Sources */ = {
			isa = PBXSourcesBuildPhase;
			buildActionMask = 2147483647;
			files = (
				CDFAF5691F2AA78700C45D8E /* arguments.c in Sources */,
				CDFAF56A1F2AA78700C45D8E /* global.c in Sources */,
				CDFAF56B1F2AA78700C45D8E /* gLogTime.c in Sources */,
				CDFAF56C1F2AA78700C45D8E /* maclog.c in Sources */,
			);
			runOnlyForDeploymentPostprocessing = 0;
		};
/* End PBXSourcesBuildPhase section */

/* Begin XCBuildConfiguration section */
		CD197BB81EFB4FDA00CC69F2 /* Debug */ = {
			isa = XCBuildConfiguration;
			buildSettings = {
				ALWAYS_SEARCH_USER_PATHS = NO;
				CLANG_ANALYZER_NONNULL = YES;
				CLANG_ANALYZER_NUMBER_OBJECT_CONVERSION = YES_AGGRESSIVE;
				CLANG_CXX_LANGUAGE_STANDARD = "gnu++0x";
				CLANG_CXX_LIBRARY = "libc++";
				CLANG_ENABLE_MODULES = YES;
				CLANG_ENABLE_OBJC_ARC = YES;
				CLANG_WARN_BOOL_CONVERSION = YES;
				CLANG_WARN_CONSTANT_CONVERSION = YES;
				CLANG_WARN_DIRECT_OBJC_ISA_USAGE = YES_ERROR;
				CLANG_WARN_DOCUMENTATION_COMMENTS = YES;
				CLANG_WARN_EMPTY_BODY = YES;
				CLANG_WARN_ENUM_CONVERSION = YES;
				CLANG_WARN_INFINITE_RECURSION = YES;
				CLANG_WARN_INT_CONVERSION = YES;
				CLANG_WARN_OBJC_ROOT_CLASS = YES_ERROR;
				CLANG_WARN_SUSPICIOUS_MOVE = YES;
				CLANG_WARN_UNREACHABLE_CODE = YES;
				CLANG_WARN__DUPLICATE_METHOD_MATCH = YES;
				CODE_SIGN_IDENTITY = "-";
				COPY_PHASE_STRIP = NO;
				DEBUG_INFORMATION_FORMAT = dwarf;
				ENABLE_STRICT_OBJC_MSGSEND = YES;
				ENABLE_TESTABILITY = YES;
				GCC_C_LANGUAGE_STANDARD = gnu99;
				GCC_DYNAMIC_NO_PIC = NO;
				GCC_NO_COMMON_BLOCKS = YES;
				GCC_OPTIMIZATION_LEVEL = 0;
				GCC_PREPROCESSOR_DEFINITIONS = (
					"DEBUG=1",
					"$(inherited)",
				);
				GCC_WARN_64_TO_32_BIT_CONVERSION = YES;
				GCC_WARN_ABOUT_RETURN_TYPE = YES_ERROR;
				GCC_WARN_UNDECLARED_SELECTOR = YES;
				GCC_WARN_UNINITIALIZED_AUTOS = YES_AGGRESSIVE;
				GCC_WARN_UNUSED_FUNCTION = YES;
				GCC_WARN_UNUSED_VARIABLE = YES;
				MACOSX_DEPLOYMENT_TARGET = 10.12;
				MTL_ENABLE_DEBUG_INFO = YES;
				ONLY_ACTIVE_ARCH = YES;
				SDKROOT = macosx;
			};
			name = Debug;
		};
		CD197BB91EFB4FDA00CC69F2 /* Release */ = {
			isa = XCBuildConfiguration;
			buildSettings = {
				ALWAYS_SEARCH_USER_PATHS = NO;
				CLANG_ANALYZER_NONNULL = YES;
				CLANG_ANALYZER_NUMBER_OBJECT_CONVERSION = YES_AGGRESSIVE;
				CLANG_CXX_LANGUAGE_STANDARD = "gnu++0x";
				CLANG_CXX_LIBRARY = "libc++";
				CLANG_ENABLE_MODULES = YES;
				CLANG_ENABLE_OBJC_ARC = YES;
				CLANG_WARN_BOOL_CONVERSION = YES;
				CLANG_WARN_CONSTANT_CONVERSION = YES;
				CLANG_WARN_DIRECT_OBJC_ISA_USAGE = YES_ERROR;
				CLANG_WARN_DOCUMENTATION_COMMENTS = YES;
				CLANG_WARN_EMPTY_BODY = YES;
				CLANG_WARN_ENUM_CONVERSION = YES;
				CLANG_WARN_INFINITE_RECURSION = YES;
				CLANG_WARN_INT_CONVERSION = YES;
				CLANG_WARN_OBJC_ROOT_CLASS = YES_ERROR;
				CLANG_WARN_SUSPICIOUS_MOVE = YES;
				CLANG_WARN_UNREACHABLE_CODE = YES;
				CLANG_WARN__DUPLICATE_METHOD_MATCH = YES;
				CODE_SIGN_IDENTITY = "-";
				COPY_PHASE_STRIP = NO;
				DEBUG_INFORMATION_FORMAT = "dwarf-with-dsym";
				ENABLE_NS_ASSERTIONS = NO;
				ENABLE_STRICT_OBJC_MSGSEND = YES;
				GCC_C_LANGUAGE_STANDARD = gnu99;
				GCC_NO_COMMON_BLOCKS = YES;
				GCC_WARN_64_TO_32_BIT_CONVERSION = YES;
				GCC_WARN_ABOUT_RETURN_TYPE = YES_ERROR;
				GCC_WARN_UNDECLARED_SELECTOR = YES;
				GCC_WARN_UNINITIALIZED_AUTOS = YES_AGGRESSIVE;
				GCC_WARN_UNUSED_FUNCTION = YES;
				GCC_WARN_UNUSED_VARIABLE = YES;
				MACOSX_DEPLOYMENT_TARGET = 10.12;
				MTL_ENABLE_DEBUG_INFO = NO;
				SDKROOT = macosx;
			};
			name = Release;
		};
		CD197BBB1EFB4FDA00CC69F2 /* Debug */ = {
			isa = XCBuildConfiguration;
			buildSettings = {
				ALWAYS_SEARCH_USER_PATHS = YES;
				MACOSX_DEPLOYMENT_TARGET = 10.6;
				PRODUCT_NAME = "$(TARGET_NAME)";
				USER_HEADER_SEARCH_PATHS = "$(PROJECT_DIR)/include";
				VALID_ARCHS = x86_64;
			};
			name = Debug;
		};
		CD197BBC1EFB4FDA00CC69F2 /* Release */ = {
			isa = XCBuildConfiguration;
			buildSettings = {
				ALWAYS_SEARCH_USER_PATHS = YES;
				MACOSX_DEPLOYMENT_TARGET = 10.6;
				PRODUCT_NAME = "$(TARGET_NAME)";
				USER_HEADER_SEARCH_PATHS = "$(PROJECT_DIR)/include";
				VALID_ARCHS = x86_64;
			};
			name = Release;
		};
/* End XCBuildConfiguration section */

/* Begin XCConfigurationList section */
		CD197BAE1EFB4FDA00CC69F2 /* Build configuration list for PBXProject "maclog" */ = {
			isa = XCConfigurationList;
			buildConfigurations = (
				CD197BB81EFB4FDA00CC69F2 /* Debug */,
				CD197BB91EFB4FDA00CC69F2 /* Release */,
			);
			defaultConfigurationIsVisible = 0;
			defaultConfigurationName = Release;
		};
		CD197BBA1EFB4FDA00CC69F2 /* Build configuration list for PBXNativeTarget "maclog" */ = {
			isa = XCConfigurationList;
			buildConfigurations = (
				CD197BBB1EFB4FDA00CC69F2 /* Debug */,
				CD197BBC1EFB4FDA00CC69F2 /* Release */,
			);
			defaultConfigurationIsVisible = 0;
			defaultConfigurationName = Release;
		};
/* End XCConfigurationList section */
	};
	rootObject = CD197BAB1EFB4FDA00CC69F2 /* Project object */;
}
